
Microsoft Visual Studio Solution File, Format Version 12.00
# Visual Studio Version 16
VisualStudioVersion = 16.0.31105.61
MinimumVisualStudioVersion = 10.0.40219.1
Project("{FAE04EC0-301F-11D3-BF4B-00C04F79EFBC}") = "Project_Gym_Asp_Net", "Project_Gym_Asp_Net\Project_Gym_Asp_Net.csproj", "{C56FFF22-0805-4621-B6F7-7D2AD7D6DEE6}"
EndProject
Global
	GlobalSection(SolutionConfigurationPlatforms) = preSolution
		Debug|Any CPU = Debug|Any CPU
		Release|Any CPU = Release|Any CPU
	EndGlobalSection
	GlobalSection(ProjectConfigurationPlatforms) = postSolution
		{C56FFF22-0805-4621-B6F7-7D2AD7D6DEE6}.Debug|Any CPU.ActiveCfg = Debug|Any CPU
		{C56FFF22-0805-4621-B6F7-7D2AD7D6DEE6}.Debug|Any CPU.Build.0 = Debug|Any CPU
		{C56FFF22-0805-4621-B6F7-7D2AD7D6DEE6}.Release|Any CPU.ActiveCfg = Release|Any CPU
		{C56FFF22-0805-4621-B6F7-7D2AD7D6DEE6}.Release|Any CPU.Build.0 = Release|Any CPU
	EndGlobalSection
	GlobalSection(SolutionProperties) = preSolution
		HideSolutionNode = FALSE
	EndGlobalSection
	GlobalSection(ExtensibilityGlobals) = postSolution
		SolutionGuid = {CD622C35-4464-4612-B6CE-3C09161E70FD}
	EndGlobalSection
EndGlobal
